
Microsoft Visual Studio Solution File, Format Version 12.00
# Visual Studio Version 17
VisualStudioVersion = 17.14.36915.13 d17.14
MinimumVisualStudioVersion = 10.0.40219.1
Project("{FAE04EC0-301F-11D3-BF4B-00C04F79EFBC}") = "Reels", "Reels.csproj", "{AB0E3CF6-3B97-4F76-8F3F-93105D9C8BE7}"
EndProject
Global
	GlobalSection(SolutionConfigurationPlatforms) = preSolution
		Debug|Any CPU = Debug|Any CPU
		Release|Any CPU = Release|Any CPU
	EndGlobalSection
	GlobalSection(ProjectConfigurationPlatforms) = postSolution
		{AB0E3CF6-3B97-4F76-8F3F-93105D9C8BE7}.Debug|Any CPU.ActiveCfg = Debug|Any CPU
		{AB0E3CF6-3B97-4F76-8F3F-93105D9C8BE7}.Debug|Any CPU.Build.0 = Debug|Any CPU
		{AB0E3CF6-3B97-4F76-8F3F-93105D9C8BE7}.Release|Any CPU.ActiveCfg = Release|Any CPU
		{AB0E3CF6-3B97-4F76-8F3F-93105D9C8BE7}.Release|Any CPU.Build.0 = Release|Any CPU
	EndGlobalSection
	GlobalSection(SolutionProperties) = preSolution
		HideSolutionNode = FALSE
	EndGlobalSection
	GlobalSection(ExtensibilityGlobals) = postSolution
		SolutionGuid = {867FFCFB-B5F4-49E0-8FF1-D2AF71848BB9}
	EndGlobalSection
EndGlobal
